
Microsoft Visual Studio Solution File, Format Version 12.00
# Visual Studio 15
VisualStudioVersion = 15.0.27130.2020
MinimumVisualStudioVersion = 10.0.40219.1
Project("{FAE04EC0-301F-11D3-BF4B-00C04F79EFBC}") = "TestApplication", "TestApplication\TestApplication.csproj", "{A82DAC59-CEA5-448F-9689-CC59316F5B59}"
EndProject
Project("{FAE04EC0-301F-11D3-BF4B-00C04F79EFBC}") = "WinFormsComponentLibrary", "WinFormsComponentLibrary\WinFormsComponentLibrary.csproj", "{F8F7DE0F-0C27-4CF1-AFAA-3056099369E1}"
EndProject
Global
	GlobalSection(SolutionConfigurationPlatforms) = preSolution
		Debug|Any CPU = Debug|Any CPU
		Release|Any CPU = Release|Any CPU
	EndGlobalSection
	GlobalSection(ProjectConfigurationPlatforms) = postSolution
		{A82DAC59-CEA5-448F-9689-CC59316F5B59}.Debug|Any CPU.ActiveCfg = Debug|Any CPU
		{A82DAC59-CEA5-448F-9689-CC59316F5B59}.Debug|Any CPU.Build.0 = Debug|Any CPU
		{A82DAC59-CEA5-448F-9689-CC59316F5B59}.Release|Any CPU.ActiveCfg = Release|Any CPU
		{A82DAC59-CEA5-448F-9689-CC59316F5B59}.Release|Any CPU.Build.0 = Release|Any CPU
		{F8F7DE0F-0C27-4CF1-AFAA-3056099369E1}.Debug|Any CPU.ActiveCfg = Debug|Any CPU
		{F8F7DE0F-0C27-4CF1-AFAA-3056099369E1}.Debug|Any CPU.Build.0 = Debug|Any CPU
		{F8F7DE0F-0C27-4CF1-AFAA-3056099369E1}.Release|Any CPU.ActiveCfg = Release|Any CPU
		{F8F7DE0F-0C27-4CF1-AFAA-3056099369E1}.Release|Any CPU.Build.0 = Release|Any CPU
	EndGlobalSection
	GlobalSection(SolutionProperties) = preSolution
		HideSolutionNode = FALSE
	EndGlobalSection
	GlobalSection(ExtensibilityGlobals) = postSolution
		SolutionGuid = {CE7BE0B1-D100-4F16-B7E5-DCAACB34400A}
	EndGlobalSection
EndGlobal
